
Microsoft Visual Studio Solution File, Format Version 12.00
# Visual Studio Version 17
VisualStudioVersion = 17.6.33815.320
MinimumVisualStudioVersion = 10.0.40219.1
Project("{9A19103F-16F7-4668-BE54-9A1E7A4F7556}") = "LogicTestBenner", "LogicTestBenner\LogicTestBenner.csproj", "{2DCF412F-B45C-4FEF-BBBA-268B89ACB5C8}"
EndProject
Project("{9A19103F-16F7-4668-BE54-9A1E7A4F7556}") = "LogicTest.Common", "LogicTest.Common\LogicTest.Common.csproj", "{0BCA6378-E14B-44BF-B9A6-55B6B74FC335}"
EndProject
Project("{9A19103F-16F7-4668-BE54-9A1E7A4F7556}") = "LogicTest.Tests", "LogicTest.Tests\LogicTest.Tests.csproj", "{0C4BDA20-8B35-49BF-ACC5-192A2F114C87}"
EndProject
Project("{9A19103F-16F7-4668-BE54-9A1E7A4F7556}") = "LogTest.Mobile", "LogTest.Mobile\LogTest.Mobile.csproj", "{CC5BC875-3615-4CCA-AAEE-C4518E4F7372}"
EndProject
Global
	GlobalSection(SolutionConfigurationPlatforms) = preSolution
		Debug|Any CPU = Debug|Any CPU
		Release|Any CPU = Release|Any CPU
	EndGlobalSection
	GlobalSection(ProjectConfigurationPlatforms) = postSolution
		{2DCF412F-B45C-4FEF-BBBA-268B89ACB5C8}.Debug|Any CPU.ActiveCfg = Debug|Any CPU
		{2DCF412F-B45C-4FEF-BBBA-268B89ACB5C8}.Debug|Any CPU.Build.0 = Debug|Any CPU
		{2DCF412F-B45C-4FEF-BBBA-268B89ACB5C8}.Release|Any CPU.ActiveCfg = Release|Any CPU
		{2DCF412F-B45C-4FEF-BBBA-268B89ACB5C8}.Release|Any CPU.Build.0 = Release|Any CPU
		{0BCA6378-E14B-44BF-B9A6-55B6B74FC335}.Debug|Any CPU.ActiveCfg = Debug|Any CPU
		{0BCA6378-E14B-44BF-B9A6-55B6B74FC335}.Debug|Any CPU.Build.0 = Debug|Any CPU
		{0BCA6378-E14B-44BF-B9A6-55B6B74FC335}.Release|Any CPU.ActiveCfg = Release|Any CPU
		{0BCA6378-E14B-44BF-B9A6-55B6B74FC335}.Release|Any CPU.Build.0 = Release|Any CPU
		{0C4BDA20-8B35-49BF-ACC5-192A2F114C87}.Debug|Any CPU.ActiveCfg = Debug|Any CPU
		{0C4BDA20-8B35-49BF-ACC5-192A2F114C87}.Debug|Any CPU.Build.0 = Debug|Any CPU
		{0C4BDA20-8B35-49BF-ACC5-192A2F114C87}.Release|Any CPU.ActiveCfg = Release|Any CPU
		{0C4BDA20-8B35-49BF-ACC5-192A2F114C87}.Release|Any CPU.Build.0 = Release|Any CPU
		{CC5BC875-3615-4CCA-AAEE-C4518E4F7372}.Debug|Any CPU.ActiveCfg = Debug|Any CPU
		{CC5BC875-3615-4CCA-AAEE-C4518E4F7372}.Debug|Any CPU.Build.0 = Debug|Any CPU
		{CC5BC875-3615-4CCA-AAEE-C4518E4F7372}.Debug|Any CPU.Deploy.0 = Debug|Any CPU
		{CC5BC875-3615-4CCA-AAEE-C4518E4F7372}.Release|Any CPU.ActiveCfg = Release|Any CPU
		{CC5BC875-3615-4CCA-AAEE-C4518E4F7372}.Release|Any CPU.Build.0 = Release|Any CPU
		{CC5BC875-3615-4CCA-AAEE-C4518E4F7372}.Release|Any CPU.Deploy.0 = Release|Any CPU
	EndGlobalSection
	GlobalSection(SolutionProperties) = preSolution
		HideSolutionNode = FALSE
	EndGlobalSection
	GlobalSection(ExtensibilityGlobals) = postSolution
		SolutionGuid = {A9B289BB-EF62-4745-9F6D-2E0B24882298}
	EndGlobalSection
EndGlobal
