
Microsoft Visual Studio Solution File, Format Version 12.00
# Visual Studio Version 17
VisualStudioVersion = 17.6.33815.320
MinimumVisualStudioVersion = 10.0.40219.1
Project("{FAE04EC0-301F-11D3-BF4B-00C04F79EFBC}") = "LogicTestBenner", "LogicTestBenner\LogicTestBenner.csproj", "{2DCF412F-B45C-4FEF-BBBA-268B89ACB5C8}"
EndProject
Project("{FAE04EC0-301F-11D3-BF4B-00C04F79EFBC}") = "LogicTest.Common", "LogicTest.Common\LogicTest.Common.csproj", "{0BCA6378-E14B-44BF-B9A6-55B6B74FC335}"
EndProject
Global
	GlobalSection(SolutionConfigurationPlatforms) = preSolution
		Debug|Any CPU = Debug|Any CPU
		Release|Any CPU = Release|Any CPU
	EndGlobalSection
	GlobalSection(ProjectConfigurationPlatforms) = postSolution
		{2DCF412F-B45C-4FEF-BBBA-268B89ACB5C8}.Debug|Any CPU.ActiveCfg = Debug|Any CPU
		{2DCF412F-B45C-4FEF-BBBA-268B89ACB5C8}.Debug|Any CPU.Build.0 = Debug|Any CPU
		{2DCF412F-B45C-4FEF-BBBA-268B89ACB5C8}.Release|Any CPU.ActiveCfg = Release|Any CPU
		{2DCF412F-B45C-4FEF-BBBA-268B89ACB5C8}.Release|Any CPU.Build.0 = Release|Any CPU
		{0BCA6378-E14B-44BF-B9A6-55B6B74FC335}.Debug|Any CPU.ActiveCfg = Debug|Any CPU
		{0BCA6378-E14B-44BF-B9A6-55B6B74FC335}.Debug|Any CPU.Build.0 = Debug|Any CPU
		{0BCA6378-E14B-44BF-B9A6-55B6B74FC335}.Release|Any CPU.ActiveCfg = Release|Any CPU
		{0BCA6378-E14B-44BF-B9A6-55B6B74FC335}.Release|Any CPU.Build.0 = Release|Any CPU
	EndGlobalSection
	GlobalSection(SolutionProperties) = preSolution
		HideSolutionNode = FALSE
	EndGlobalSection
	GlobalSection(ExtensibilityGlobals) = postSolution
		SolutionGuid = {A9B289BB-EF62-4745-9F6D-2E0B24882298}
	EndGlobalSection
EndGlobal
